
Microsoft Visual Studio Solution File, Format Version 12.00
# Visual Studio Version 16
VisualStudioVersion = 16.0.30320.27
MinimumVisualStudioVersion = 10.0.40219.1
Project("{FAE04EC0-301F-11D3-BF4B-00C04F79EFBC}") = "TCPSender", "TCPSender\TCPSender.csproj", "{CEBA11A0-8B64-410B-A70A-E6DBFF148B26}"
EndProject
Project("{FAE04EC0-301F-11D3-BF4B-00C04F79EFBC}") = "TCPReceiver", "TCPReceiver\TCPReceiver.csproj", "{92240C78-B7E1-4994-B891-FC4C7C5B1395}"
EndProject
Global
	GlobalSection(SolutionConfigurationPlatforms) = preSolution
		Debug|Any CPU = Debug|Any CPU
		Release|Any CPU = Release|Any CPU
	EndGlobalSection
	GlobalSection(ProjectConfigurationPlatforms) = postSolution
		{CEBA11A0-8B64-410B-A70A-E6DBFF148B26}.Debug|Any CPU.ActiveCfg = Debug|Any CPU
		{CEBA11A0-8B64-410B-A70A-E6DBFF148B26}.Debug|Any CPU.Build.0 = Debug|Any CPU
		{CEBA11A0-8B64-410B-A70A-E6DBFF148B26}.Release|Any CPU.ActiveCfg = Release|Any CPU
		{CEBA11A0-8B64-410B-A70A-E6DBFF148B26}.Release|Any CPU.Build.0 = Release|Any CPU
		{92240C78-B7E1-4994-B891-FC4C7C5B1395}.Debug|Any CPU.ActiveCfg = Debug|Any CPU
		{92240C78-B7E1-4994-B891-FC4C7C5B1395}.Debug|Any CPU.Build.0 = Debug|Any CPU
		{92240C78-B7E1-4994-B891-FC4C7C5B1395}.Release|Any CPU.ActiveCfg = Release|Any CPU
		{92240C78-B7E1-4994-B891-FC4C7C5B1395}.Release|Any CPU.Build.0 = Release|Any CPU
	EndGlobalSection
	GlobalSection(SolutionProperties) = preSolution
		HideSolutionNode = FALSE
	EndGlobalSection
	GlobalSection(ExtensibilityGlobals) = postSolution
		SolutionGuid = {82F79781-3D2F-4C7C-A6ED-0DE71276FD1C}
	EndGlobalSection
EndGlobal
